// !$*UTF8*$!
{
	archiveVersion = 1;
	classes = {
	};
	objectVersion = 46;
	objects = {

/* Begin PBXBuildFile section */
		006D720419952D00008149E2 /* AVFoundation.framework in Frameworks */ = {isa = PBXBuildFile; fileRef = 006D720219952D00008149E2 /* AVFoundation.framework */; };
		006D720519952D00008149E2 /* CoreMedia.framework in Frameworks */ = {isa = PBXBuildFile; fileRef = 006D720319952D00008149E2 /* CoreMedia.framework */; };
		0091D8F90E81B9330029341E /* OpenGL.framework in Frameworks */ = {isa = PBXBuildFile; fileRef = 0091D8F80E81B9330029341E /* OpenGL.framework */; };
		00B784B30FF439BC000DE1D7 /* Accelerate.framework in Frameworks */ = {isa = PBXBuildFile; fileRef = 00B784AF0FF439BC000DE1D7 /* Accelerate.framework */; };
		00B784B40FF439BC000DE1D7 /* AudioToolbox.framework in Frameworks */ = {isa = PBXBuildFile; fileRef = 00B784B00FF439BC000DE1D7 /* AudioToolbox.framework */; };
		00B784B50FF439BC000DE1D7 /* AudioUnit.framework in Frameworks */ = {isa = PBXBuildFile; fileRef = 00B784B10FF439BC000DE1D7 /* AudioUnit.framework */; };
		00B784B60FF439BC000DE1D7 /* CoreAudio.framework in Frameworks */ = {isa = PBXBuildFile; fileRef = 00B784B20FF439BC000DE1D7 /* CoreAudio.framework */; };
		00B9955A1B128DF400A5C623 /* IOKit.framework in Frameworks */ = {isa = PBXBuildFile; fileRef = 00B995581B128DF400A5C623 /* IOKit.framework */; };
		00B9955B1B128DF400A5C623 /* IOSurface.framework in Frameworks */ = {isa = PBXBuildFile; fileRef = 00B995591B128DF400A5C623 /* IOSurface.framework */; };
		5323E6B20EAFCA74003A9687 /* CoreVideo.framework in Frameworks */ = {isa = PBXBuildFile; fileRef = 5323E6B10EAFCA74003A9687 /* CoreVideo.framework */; };
		8C2CC7A41BD39108008EDAA0 /* imgui_impl_cinder_gl3.cpp in Sources */ = {isa = PBXBuildFile; fileRef = 8C2CC7A21BD39108008EDAA0 /* imgui_impl_cinder_gl3.cpp */; settings = {ASSET_TAGS = (); }; };
		8C42764F1BD2021100422293 /* imgui_demo.cpp in Sources */ = {isa = PBXBuildFile; fileRef = 8C4276471BD2021100422293 /* imgui_demo.cpp */; settings = {ASSET_TAGS = (); }; };
		8C4276501BD2021100422293 /* imgui_draw.cpp in Sources */ = {isa = PBXBuildFile; fileRef = 8C4276481BD2021100422293 /* imgui_draw.cpp */; settings = {ASSET_TAGS = (); }; };
		8C4276511BD2021100422293 /* imgui.cpp in Sources */ = {isa = PBXBuildFile; fileRef = 8C42764A1BD2021100422293 /* imgui.cpp */; settings = {ASSET_TAGS = (); }; };
		8C4FBD0A1BCE036D0030F8F9 /* RtMidi.cpp in Sources */ = {isa = PBXBuildFile; fileRef = 8C4FBD071BCE036D0030F8F9 /* RtMidi.cpp */; settings = {ASSET_TAGS = (); }; };
		8C4FBD0B1BCE036D0030F8F9 /* VirtualHal.cpp in Sources */ = {isa = PBXBuildFile; fileRef = 8C4FBD081BCE036D0030F8F9 /* VirtualHal.cpp */; settings = {ASSET_TAGS = (); }; };
		8C4FBD0C1BCE036D0030F8F9 /* VirtualLpp.cpp in Sources */ = {isa = PBXBuildFile; fileRef = 8C4FBD091BCE036D0030F8F9 /* VirtualLpp.cpp */; settings = {ASSET_TAGS = (); }; };
		8C4FBD221BCE04560030F8F9 /* app.c in Sources */ = {isa = PBXBuildFile; fileRef = 8C4FBD1A1BCE04560030F8F9 /* app.c */; settings = {ASSET_TAGS = (); }; };
		8C4FBD231BCE04560030F8F9 /* colors.c in Sources */ = {isa = PBXBuildFile; fileRef = 8C4FBD1B1BCE04560030F8F9 /* colors.c */; settings = {ASSET_TAGS = (); }; };
		8C4FBD241BCE04560030F8F9 /* keyboard.c in Sources */ = {isa = PBXBuildFile; fileRef = 8C4FBD1C1BCE04560030F8F9 /* keyboard.c */; settings = {ASSET_TAGS = (); }; };
		8C4FBD251BCE04560030F8F9 /* layout.c in Sources */ = {isa = PBXBuildFile; fileRef = 8C4FBD1D1BCE04560030F8F9 /* layout.c */; settings = {ASSET_TAGS = (); }; };
		8C4FBD261BCE04560030F8F9 /* scale.c in Sources */ = {isa = PBXBuildFile; fileRef = 8C4FBD1E1BCE04560030F8F9 /* scale.c */; settings = {ASSET_TAGS = (); }; };
		8C4FBD271BCE04560030F8F9 /* sequencer.c in Sources */ = {isa = PBXBuildFile; fileRef = 8C4FBD1F1BCE04560030F8F9 /* sequencer.c */; settings = {ASSET_TAGS = (); }; };
		8C4FBD281BCE04560030F8F9 /* slider.c in Sources */ = {isa = PBXBuildFile; fileRef = 8C4FBD201BCE04560030F8F9 /* slider.c */; settings = {ASSET_TAGS = (); }; };
		8C4FBD291BCE04560030F8F9 /* util.c in Sources */ = {isa = PBXBuildFile; fileRef = 8C4FBD211BCE04560030F8F9 /* util.c */; settings = {ASSET_TAGS = (); }; };
		8C4FBD2B1BCE10650030F8F9 /* CoreMIDI.framework in Frameworks */ = {isa = PBXBuildFile; fileRef = 8C4FBD2A1BCE10640030F8F9 /* CoreMIDI.framework */; };
		8C51F9B11BD5A3280032CE68 /* grid.c in Sources */ = {isa = PBXBuildFile; fileRef = 8C51F9AE1BD5A3280032CE68 /* grid.c */; settings = {ASSET_TAGS = (); }; };
		8C51F9B21BD5A3280032CE68 /* sequence.c in Sources */ = {isa = PBXBuildFile; fileRef = 8C51F9AF1BD5A3280032CE68 /* sequence.c */; settings = {ASSET_TAGS = (); }; };
		8C51F9B31BD5A3280032CE68 /* session.c in Sources */ = {isa = PBXBuildFile; fileRef = 8C51F9B01BD5A3280032CE68 /* session.c */; settings = {ASSET_TAGS = (); }; };
		8C51F9B61BD5D7720032CE68 /* checkbox.c in Sources */ = {isa = PBXBuildFile; fileRef = 8C51F9B51BD5D7720032CE68 /* checkbox.c */; settings = {ASSET_TAGS = (); }; };
		8C51F9B81BD6361F0032CE68 /* number.c in Sources */ = {isa = PBXBuildFile; fileRef = 8C51F9B71BD6361F0032CE68 /* number.c */; settings = {ASSET_TAGS = (); }; };
		8C64BB3F1BCEEBD800E0D655 /* VirtualPad.cpp in Sources */ = {isa = PBXBuildFile; fileRef = 8C64BB3E1BCEEBD800E0D655 /* VirtualPad.cpp */; settings = {ASSET_TAGS = (); }; };
		8CAC381E1BD2FFE300BBDB05 /* shaders in Resources */ = {isa = PBXBuildFile; fileRef = 8CAC381D1BD2FFE300BBDB05 /* shaders */; settings = {ASSET_TAGS = (); }; };
		8CC751761BD0F08C005CD976 /* voices.c in Sources */ = {isa = PBXBuildFile; fileRef = 8CC751751BD0F08C005CD976 /* voices.c */; settings = {ASSET_TAGS = (); }; };
		8D11072F0486CEB800E47090 /* Cocoa.framework in Frameworks */ = {isa = PBXBuildFile; fileRef = 1058C7A1FEA54F0111CA2CBB /* Cocoa.framework */; };
		A3896E2F25B9485FBC4A26A3 /* CinderApp.icns in Resources */ = {isa = PBXBuildFile; fileRef = 450E15B07B6049D29E23AF2B /* CinderApp.icns */; };
		BD92F027A4EE47F886B1F960 /* VirtualLppApp.cpp in Sources */ = {isa = PBXBuildFile; fileRef = 63433217FDB540E9A4DD1DDC /* VirtualLppApp.cpp */; };
/* End PBXBuildFile section */

/* Begin PBXFileReference section */
		005B21374FF24A3D80532FCC /* Info.plist */ = {isa = PBXFileReference; lastKnownFileType = text.plist.xml; path = Info.plist; sourceTree = "<group>"; };
		006D720219952D00008149E2 /* AVFoundation.framework */ = {isa = PBXFileReference; lastKnownFileType = wrapper.framework; name = AVFoundation.framework; path = System/Library/Frameworks/AVFoundation.framework; sourceTree = SDKROOT; };
		006D720319952D00008149E2 /* CoreMedia.framework */ = {isa = PBXFileReference; lastKnownFileType = wrapper.framework; name = CoreMedia.framework; path = System/Library/Frameworks/CoreMedia.framework; sourceTree = SDKROOT; };
		0091D8F80E81B9330029341E /* OpenGL.framework */ = {isa = PBXFileReference; lastKnownFileType = wrapper.framework; name = OpenGL.framework; path = /System/Library/Frameworks/OpenGL.framework; sourceTree = "<absolute>"; };
		00B784AF0FF439BC000DE1D7 /* Accelerate.framework */ = {isa = PBXFileReference; lastKnownFileType = wrapper.framework; name = Accelerate.framework; path = System/Library/Frameworks/Accelerate.framework; sourceTree = SDKROOT; };
		00B784B00FF439BC000DE1D7 /* AudioToolbox.framework */ = {isa = PBXFileReference; lastKnownFileType = wrapper.framework; name = AudioToolbox.framework; path = System/Library/Frameworks/AudioToolbox.framework; sourceTree = SDKROOT; };
		00B784B10FF439BC000DE1D7 /* AudioUnit.framework */ = {isa = PBXFileReference; lastKnownFileType = wrapper.framework; name = AudioUnit.framework; path = System/Library/Frameworks/AudioUnit.framework; sourceTree = SDKROOT; };
		00B784B20FF439BC000DE1D7 /* CoreAudio.framework */ = {isa = PBXFileReference; lastKnownFileType = wrapper.framework; name = CoreAudio.framework; path = System/Library/Frameworks/CoreAudio.framework; sourceTree = SDKROOT; };
		00B995581B128DF400A5C623 /* IOKit.framework */ = {isa = PBXFileReference; lastKnownFileType = wrapper.framework; name = IOKit.framework; path = System/Library/Frameworks/IOKit.framework; sourceTree = SDKROOT; };
		00B995591B128DF400A5C623 /* IOSurface.framework */ = {isa = PBXFileReference; lastKnownFileType = wrapper.framework; name = IOSurface.framework; path = System/Library/Frameworks/IOSurface.framework; sourceTree = SDKROOT; };
		1058C7A1FEA54F0111CA2CBB /* Cocoa.framework */ = {isa = PBXFileReference; lastKnownFileType = wrapper.framework; name = Cocoa.framework; path = /System/Library/Frameworks/Cocoa.framework; sourceTree = "<absolute>"; };
		29B97324FDCFA39411CA2CEA /* AppKit.framework */ = {isa = PBXFileReference; lastKnownFileType = wrapper.framework; name = AppKit.framework; path = /System/Library/Frameworks/AppKit.framework; sourceTree = "<absolute>"; };
		29B97325FDCFA39411CA2CEA /* Foundation.framework */ = {isa = PBXFileReference; lastKnownFileType = wrapper.framework; name = Foundation.framework; path = /System/Library/Frameworks/Foundation.framework; sourceTree = "<absolute>"; };
		2F469C8CCBBE4F23A3AA3710 /* VirtualLpp_Prefix.pch */ = {isa = PBXFileReference; lastKnownFileType = "\"\""; path = VirtualLpp_Prefix.pch; sourceTree = "<group>"; };
		3ABB3A015103429DAB35026C /* Resources.h */ = {isa = PBXFileReference; explicitFileType = sourcecode.cpp.h; name = Resources.h; path = ../include/Resources.h; sourceTree = "<group>"; };
		450E15B07B6049D29E23AF2B /* CinderApp.icns */ = {isa = PBXFileReference; lastKnownFileType = image.icns; name = CinderApp.icns; path = ../resources/CinderApp.icns; sourceTree = "<group>"; };
		5323E6B10EAFCA74003A9687 /* CoreVideo.framework */ = {isa = PBXFileReference; lastKnownFileType = wrapper.framework; name = CoreVideo.framework; path = /System/Library/Frameworks/CoreVideo.framework; sourceTree = "<absolute>"; };
		63433217FDB540E9A4DD1DDC /* VirtualLppApp.cpp */ = {isa = PBXFileReference; lastKnownFileType = sourcecode.c.cpp; name = VirtualLppApp.cpp; path = ../src/VirtualLppApp.cpp; sourceTree = "<group>"; };
		8C2CC7A21BD39108008EDAA0 /* imgui_impl_cinder_gl3.cpp */ = {isa = PBXFileReference; fileEncoding = 4; lastKnownFileType = sourcecode.cpp.cpp; name = imgui_impl_cinder_gl3.cpp; path = ../imgui/imgui_impl_cinder_gl3.cpp; sourceTree = "<group>"; };
		8C2CC7A31BD39108008EDAA0 /* imgui_impl_cinder_gl3.h */ = {isa = PBXFileReference; fileEncoding = 4; lastKnownFileType = sourcecode.c.h; name = imgui_impl_cinder_gl3.h; path = ../imgui/imgui_impl_cinder_gl3.h; sourceTree = "<group>"; };
		8C4276461BD2021100422293 /* imconfig.h */ = {isa = PBXFileReference; fileEncoding = 4; lastKnownFileType = sourcecode.c.h; name = imconfig.h; path = ../imgui/imconfig.h; sourceTree = "<group>"; };
		8C4276471BD2021100422293 /* imgui_demo.cpp */ = {isa = PBXFileReference; fileEncoding = 4; lastKnownFileType = sourcecode.cpp.cpp; name = imgui_demo.cpp; path = ../imgui/imgui_demo.cpp; sourceTree = "<group>"; };
		8C4276481BD2021100422293 /* imgui_draw.cpp */ = {isa = PBXFileReference; fileEncoding = 4; lastKnownFileType = sourcecode.cpp.cpp; name = imgui_draw.cpp; path = ../imgui/imgui_draw.cpp; sourceTree = "<group>"; };
		8C4276491BD2021100422293 /* imgui_internal.h */ = {isa = PBXFileReference; fileEncoding = 4; lastKnownFileType = sourcecode.c.h; name = imgui_internal.h; path = ../imgui/imgui_internal.h; sourceTree = "<group>"; };
		8C42764A1BD2021100422293 /* imgui.cpp */ = {isa = PBXFileReference; fileEncoding = 4; lastKnownFileType = sourcecode.cpp.cpp; name = imgui.cpp; path = ../imgui/imgui.cpp; sourceTree = "<group>"; };
		8C42764B1BD2021100422293 /* imgui.h */ = {isa = PBXFileReference; fileEncoding = 4; lastKnownFileType = sourcecode.c.h; name = imgui.h; path = ../imgui/imgui.h; sourceTree = "<group>"; };
		8C42764C1BD2021100422293 /* stb_rect_pack.h */ = {isa = PBXFileReference; fileEncoding = 4; lastKnownFileType = sourcecode.c.h; name = stb_rect_pack.h; path = ../imgui/stb_rect_pack.h; sourceTree = "<group>"; };
		8C42764D1BD2021100422293 /* stb_textedit.h */ = {isa = PBXFileReference; fileEncoding = 4; lastKnownFileType = sourcecode.c.h; name = stb_textedit.h; path = ../imgui/stb_textedit.h; sourceTree = "<group>"; };
		8C42764E1BD2021100422293 /* stb_truetype.h */ = {isa = PBXFileReference; fileEncoding = 4; lastKnownFileType = sourcecode.c.h; name = stb_truetype.h; path = ../imgui/stb_truetype.h; sourceTree = "<group>"; };
		8C4FBD071BCE036D0030F8F9 /* RtMidi.cpp */ = {isa = PBXFileReference; fileEncoding = 4; lastKnownFileType = sourcecode.cpp.cpp; name = RtMidi.cpp; path = ../rtmidi/RtMidi.cpp; sourceTree = "<group>"; };
		8C4FBD081BCE036D0030F8F9 /* VirtualHal.cpp */ = {isa = PBXFileReference; explicitFileType = sourcecode.cpp.cpp; fileEncoding = 4; name = VirtualHal.cpp; path = ../src/VirtualHal.cpp; sourceTree = "<group>"; };
		8C4FBD091BCE036D0030F8F9 /* VirtualLpp.cpp */ = {isa = PBXFileReference; fileEncoding = 4; lastKnownFileType = sourcecode.cpp.cpp; name = VirtualLpp.cpp; path = ../src/VirtualLpp.cpp; sourceTree = "<group>"; };
		8C4FBD0D1BCE03A40030F8F9 /* RtMidi.h */ = {isa = PBXFileReference; fileEncoding = 4; lastKnownFileType = sourcecode.c.h; name = RtMidi.h; path = ../rtmidi/RtMidi.h; sourceTree = "<group>"; };
		8C4FBD0E1BCE03A40030F8F9 /* VirtualLpp.h */ = {isa = PBXFileReference; explicitFileType = sourcecode.cpp.h; fileEncoding = 4; name = VirtualLpp.h; path = ../include/VirtualLpp.h; sourceTree = "<group>"; };
		8C4FBD0F1BCE04260030F8F9 /* app_defs.h */ = {isa = PBXFileReference; fileEncoding = 4; lastKnownFileType = sourcecode.c.h; name = app_defs.h; path = ../../../include/app_defs.h; sourceTree = "<group>"; };
		8C4FBD101BCE04260030F8F9 /* app.h */ = {isa = PBXFileReference; fileEncoding = 4; lastKnownFileType = sourcecode.c.h; name = app.h; path = ../../../include/app.h; sourceTree = "<group>"; };
		8C4FBD111BCE04260030F8F9 /* buttons.h */ = {isa = PBXFileReference; fileEncoding = 4; lastKnownFileType = sourcecode.c.h; name = buttons.h; path = ../../../include/buttons.h; sourceTree = "<group>"; };
		8C4FBD121BCE04260030F8F9 /* colors.h */ = {isa = PBXFileReference; fileEncoding = 4; lastKnownFileType = sourcecode.c.h; name = colors.h; path = ../../../include/colors.h; sourceTree = "<group>"; };
		8C4FBD131BCE04260030F8F9 /* keyboard.h */ = {isa = PBXFileReference; fileEncoding = 4; lastKnownFileType = sourcecode.c.h; name = keyboard.h; path = ../../../include/keyboard.h; sourceTree = "<group>"; };
		8C4FBD141BCE04260030F8F9 /* layout.h */ = {isa = PBXFileReference; fileEncoding = 4; lastKnownFileType = sourcecode.c.h; name = layout.h; path = ../../../include/layout.h; sourceTree = "<group>"; };
		8C4FBD151BCE04260030F8F9 /* scale.h */ = {isa = PBXFileReference; fileEncoding = 4; lastKnownFileType = sourcecode.c.h; name = scale.h; path = ../../../include/scale.h; sourceTree = "<group>"; };
		8C4FBD161BCE04260030F8F9 /* seq.h */ = {isa = PBXFileReference; fileEncoding = 4; lastKnownFileType = sourcecode.c.h; name = seq.h; path = ../../../include/seq.h; sourceTree = "<group>"; };
		8C4FBD171BCE04260030F8F9 /* sequencer.h */ = {isa = PBXFileReference; fileEncoding = 4; lastKnownFileType = sourcecode.c.h; name = sequencer.h; path = ../../../include/sequencer.h; sourceTree = "<group>"; };
		8C4FBD181BCE04260030F8F9 /* slider.h */ = {isa = PBXFileReference; fileEncoding = 4; lastKnownFileType = sourcecode.c.h; name = slider.h; path = ../../../include/slider.h; sourceTree = "<group>"; };
		8C4FBD191BCE04260030F8F9 /* util.h */ = {isa = PBXFileReference; fileEncoding = 4; lastKnownFileType = sourcecode.c.h; name = util.h; path = ../../../include/util.h; sourceTree = "<group>"; };
		8C4FBD1A1BCE04560030F8F9 /* app.c */ = {isa = PBXFileReference; explicitFileType = sourcecode.cpp.cpp; fileEncoding = 4; name = app.c; path = ../../../src/app.c; sourceTree = "<group>"; };
		8C4FBD1B1BCE04560030F8F9 /* colors.c */ = {isa = PBXFileReference; explicitFileType = sourcecode.cpp.cpp; fileEncoding = 4; name = colors.c; path = ../../../src/colors.c; sourceTree = "<group>"; };
		8C4FBD1C1BCE04560030F8F9 /* keyboard.c */ = {isa = PBXFileReference; explicitFileType = sourcecode.cpp.cpp; fileEncoding = 4; name = keyboard.c; path = ../../../src/keyboard.c; sourceTree = "<group>"; };
		8C4FBD1D1BCE04560030F8F9 /* layout.c */ = {isa = PBXFileReference; explicitFileType = sourcecode.cpp.cpp; fileEncoding = 4; name = layout.c; path = ../../../src/layout.c; sourceTree = "<group>"; };
		8C4FBD1E1BCE04560030F8F9 /* scale.c */ = {isa = PBXFileReference; explicitFileType = sourcecode.cpp.cpp; fileEncoding = 4; name = scale.c; path = ../../../src/scale.c; sourceTree = "<group>"; };
		8C4FBD1F1BCE04560030F8F9 /* sequencer.c */ = {isa = PBXFileReference; explicitFileType = sourcecode.cpp.cpp; fileEncoding = 4; name = sequencer.c; path = ../../../src/sequencer.c; sourceTree = "<group>"; };
		8C4FBD201BCE04560030F8F9 /* slider.c */ = {isa = PBXFileReference; explicitFileType = sourcecode.cpp.cpp; fileEncoding = 4; name = slider.c; path = ../../../src/slider.c; sourceTree = "<group>"; };
		8C4FBD211BCE04560030F8F9 /* util.c */ = {isa = PBXFileReference; explicitFileType = sourcecode.cpp.cpp; fileEncoding = 4; name = util.c; path = ../../../src/util.c; sourceTree = "<group>"; };
		8C4FBD2A1BCE10640030F8F9 /* CoreMIDI.framework */ = {isa = PBXFileReference; lastKnownFileType = wrapper.framework; name = CoreMIDI.framework; path = System/Library/Frameworks/CoreMIDI.framework; sourceTree = SDKROOT; };
		8C51F9AB1BD5A3180032CE68 /* grid.h */ = {isa = PBXFileReference; fileEncoding = 4; lastKnownFileType = sourcecode.c.h; name = grid.h; path = ../../../include/grid.h; sourceTree = "<group>"; };
		8C51F9AC1BD5A3180032CE68 /* sequence.h */ = {isa = PBXFileReference; fileEncoding = 4; lastKnownFileType = sourcecode.c.h; name = sequence.h; path = ../../../include/sequence.h; sourceTree = "<group>"; };
		8C51F9AD1BD5A3180032CE68 /* session.h */ = {isa = PBXFileReference; fileEncoding = 4; lastKnownFileType = sourcecode.c.h; name = session.h; path = ../../../include/session.h; sourceTree = "<group>"; };
		8C51F9AE1BD5A3280032CE68 /* grid.c */ = {isa = PBXFileReference; explicitFileType = sourcecode.cpp.cpp; fileEncoding = 4; name = grid.c; path = ../../../src/grid.c; sourceTree = "<group>"; };
		8C51F9AF1BD5A3280032CE68 /* sequence.c */ = {isa = PBXFileReference; explicitFileType = sourcecode.cpp.cpp; fileEncoding = 4; name = sequence.c; path = ../../../src/sequence.c; sourceTree = "<group>"; };
		8C51F9B01BD5A3280032CE68 /* session.c */ = {isa = PBXFileReference; explicitFileType = sourcecode.cpp.cpp; fileEncoding = 4; name = session.c; path = ../../../src/session.c; sourceTree = "<group>"; };
		8C51F9B41BD5D7650032CE68 /* checkbox.h */ = {isa = PBXFileReference; fileEncoding = 4; lastKnownFileType = sourcecode.c.h; name = checkbox.h; path = ../../../include/checkbox.h; sourceTree = "<group>"; };
		8C51F9B51BD5D7720032CE68 /* checkbox.c */ = {isa = PBXFileReference; explicitFileType = sourcecode.cpp.cpp; fileEncoding = 4; name = checkbox.c; path = ../../../src/checkbox.c; sourceTree = "<group>"; };
		8C51F9B71BD6361F0032CE68 /* number.c */ = {isa = PBXFileReference; explicitFileType = sourcecode.cpp.cpp; fileEncoding = 4; name = number.c; path = ../../../src/number.c; sourceTree = "<group>"; };
		8C51F9B91BD636300032CE68 /* number.h */ = {isa = PBXFileReference; fileEncoding = 4; lastKnownFileType = sourcecode.c.h; name = number.h; path = ../../../include/number.h; sourceTree = "<group>"; };
		8C64BB3D1BCEEB4300E0D655 /* VirtualPad.h */ = {isa = PBXFileReference; explicitFileType = sourcecode.cpp.h; name = VirtualPad.h; path = ../include/VirtualPad.h; sourceTree = "<group>"; };
		8C64BB3E1BCEEBD800E0D655 /* VirtualPad.cpp */ = {isa = PBXFileReference; fileEncoding = 4; lastKnownFileType = sourcecode.cpp.cpp; name = VirtualPad.cpp; path = ../src/VirtualPad.cpp; sourceTree = "<group>"; };
		8CAC381D1BD2FFE300BBDB05 /* shaders */ = {isa = PBXFileReference; lastKnownFileType = folder; name = shaders; path = ../assets/shaders; sourceTree = "<group>"; };
		8CC751731BD04B94005CD976 /* Timer.h */ = {isa = PBXFileReference; explicitFileType = sourcecode.cpp.h; name = Timer.h; path = ../include/Timer.h; sourceTree = "<group>"; };
		8CC751741BD0F062005CD976 /* voices.h */ = {isa = PBXFileReference; fileEncoding = 4; lastKnownFileType = sourcecode.c.h; name = voices.h; path = ../../../include/voices.h; sourceTree = "<group>"; };
		8CC751751BD0F08C005CD976 /* voices.c */ = {isa = PBXFileReference; explicitFileType = sourcecode.cpp.cpp; fileEncoding = 4; name = voices.c; path = ../../../src/voices.c; sourceTree = "<group>"; };
		8D1107320486CEB800E47090 /* VirtualLpp.app */ = {isa = PBXFileReference; explicitFileType = wrapper.application; includeInIndex = 0; path = VirtualLpp.app; sourceTree = BUILT_PRODUCTS_DIR; };
/* End PBXFileReference section */

/* Begin PBXFrameworksBuildPhase section */
		8D11072E0486CEB800E47090 /* Frameworks */ = {
			isa = PBXFrameworksBuildPhase;
			buildActionMask = 2147483647;
			files = (
				8C4FBD2B1BCE10650030F8F9 /* CoreMIDI.framework in Frameworks */,
				006D720419952D00008149E2 /* AVFoundation.framework in Frameworks */,
				006D720519952D00008149E2 /* CoreMedia.framework in Frameworks */,
				8D11072F0486CEB800E47090 /* Cocoa.framework in Frameworks */,
				0091D8F90E81B9330029341E /* OpenGL.framework in Frameworks */,
				5323E6B20EAFCA74003A9687 /* CoreVideo.framework in Frameworks */,
				00B784B30FF439BC000DE1D7 /* Accelerate.framework in Frameworks */,
				00B784B40FF439BC000DE1D7 /* AudioToolbox.framework in Frameworks */,
				00B784B50FF439BC000DE1D7 /* AudioUnit.framework in Frameworks */,
				00B784B60FF439BC000DE1D7 /* CoreAudio.framework in Frameworks */,
				00B9955A1B128DF400A5C623 /* IOKit.framework in Frameworks */,
				00B9955B1B128DF400A5C623 /* IOSurface.framework in Frameworks */,
			);
			runOnlyForDeploymentPostprocessing = 0;
		};
/* End PBXFrameworksBuildPhase section */

/* Begin PBXGroup section */
		01B97315FEAEA392516A2CEA /* Blocks */ = {
			isa = PBXGroup;
			children = (
			);
			name = Blocks;
			sourceTree = "<group>";
		};
		080E96DDFE201D6D7F000001 /* Source */ = {
			isa = PBXGroup;
			children = (
				8C51F9B71BD6361F0032CE68 /* number.c */,
				8C51F9B51BD5D7720032CE68 /* checkbox.c */,
				8C51F9AE1BD5A3280032CE68 /* grid.c */,
				8C51F9AF1BD5A3280032CE68 /* sequence.c */,
				8C51F9B01BD5A3280032CE68 /* session.c */,
				8CC751751BD0F08C005CD976 /* voices.c */,
				8C4FBD1A1BCE04560030F8F9 /* app.c */,
				8C4FBD1B1BCE04560030F8F9 /* colors.c */,
				8C4FBD1C1BCE04560030F8F9 /* keyboard.c */,
				8C4FBD1D1BCE04560030F8F9 /* layout.c */,
				8C4FBD1E1BCE04560030F8F9 /* scale.c */,
				8C4FBD1F1BCE04560030F8F9 /* sequencer.c */,
				8C4FBD201BCE04560030F8F9 /* slider.c */,
				8C4FBD211BCE04560030F8F9 /* util.c */,
				8C4FBD081BCE036D0030F8F9 /* VirtualHal.cpp */,
				8C4FBD091BCE036D0030F8F9 /* VirtualLpp.cpp */,
				63433217FDB540E9A4DD1DDC /* VirtualLppApp.cpp */,
				8C64BB3E1BCEEBD800E0D655 /* VirtualPad.cpp */,
			);
			name = Source;
			sourceTree = "<group>";
		};
		1058C7A0FEA54F0111CA2CBB /* Linked Frameworks */ = {
			isa = PBXGroup;
			children = (
				006D720219952D00008149E2 /* AVFoundation.framework */,
				006D720319952D00008149E2 /* CoreMedia.framework */,
				00B784AF0FF439BC000DE1D7 /* Accelerate.framework */,
				00B784B00FF439BC000DE1D7 /* AudioToolbox.framework */,
				00B784B10FF439BC000DE1D7 /* AudioUnit.framework */,
				00B784B20FF439BC000DE1D7 /* CoreAudio.framework */,
				5323E6B10EAFCA74003A9687 /* CoreVideo.framework */,
				0091D8F80E81B9330029341E /* OpenGL.framework */,
				1058C7A1FEA54F0111CA2CBB /* Cocoa.framework */,
				00B995581B128DF400A5C623 /* IOKit.framework */,
				00B995591B128DF400A5C623 /* IOSurface.framework */,
			);
			name = "Linked Frameworks";
			sourceTree = "<group>";
		};
		1058C7A2FEA54F0111CA2CBB /* Other Frameworks */ = {
			isa = PBXGroup;
			children = (
				29B97324FDCFA39411CA2CEA /* AppKit.framework */,
				29B97325FDCFA39411CA2CEA /* Foundation.framework */,
			);
			name = "Other Frameworks";
			sourceTree = "<group>";
		};
		19C28FACFE9D520D11CA2CBB /* Products */ = {
			isa = PBXGroup;
			children = (
				8D1107320486CEB800E47090 /* VirtualLpp.app */,
			);
			name = Products;
			sourceTree = "<group>";
		};
		29B97314FDCFA39411CA2CEA /* VirtualLpp */ = {
			isa = PBXGroup;
			children = (
				8C4276451BD201B100422293 /* imgui */,
				8C4276441BD2019300422293 /* RtMidi */,
				01B97315FEAEA392516A2CEA /* Blocks */,
				29B97315FDCFA39411CA2CEA /* Headers */,
				080E96DDFE201D6D7F000001 /* Source */,
				29B97317FDCFA39411CA2CEA /* Resources */,
				29B97323FDCFA39411CA2CEA /* Frameworks */,
				19C28FACFE9D520D11CA2CBB /* Products */,
			);
			name = VirtualLpp;
			sourceTree = "<group>";
		};
		29B97315FDCFA39411CA2CEA /* Headers */ = {
			isa = PBXGroup;
			children = (
				8C51F9B91BD636300032CE68 /* number.h */,
				8C51F9B41BD5D7650032CE68 /* checkbox.h */,
				8C51F9AB1BD5A3180032CE68 /* grid.h */,
				8C51F9AC1BD5A3180032CE68 /* sequence.h */,
				8C51F9AD1BD5A3180032CE68 /* session.h */,
				8CC751741BD0F062005CD976 /* voices.h */,
				8C4FBD0F1BCE04260030F8F9 /* app_defs.h */,
				8C4FBD101BCE04260030F8F9 /* app.h */,
				8C4FBD111BCE04260030F8F9 /* buttons.h */,
				8C4FBD121BCE04260030F8F9 /* colors.h */,
				8C4FBD131BCE04260030F8F9 /* keyboard.h */,
				8C4FBD141BCE04260030F8F9 /* layout.h */,
				8C4FBD151BCE04260030F8F9 /* scale.h */,
				8C4FBD161BCE04260030F8F9 /* seq.h */,
				8C4FBD171BCE04260030F8F9 /* sequencer.h */,
				8C4FBD181BCE04260030F8F9 /* slider.h */,
				8C4FBD191BCE04260030F8F9 /* util.h */,
				8C4FBD0E1BCE03A40030F8F9 /* VirtualLpp.h */,
				3ABB3A015103429DAB35026C /* Resources.h */,
				2F469C8CCBBE4F23A3AA3710 /* VirtualLpp_Prefix.pch */,
				8C64BB3D1BCEEB4300E0D655 /* VirtualPad.h */,
				8CC751731BD04B94005CD976 /* Timer.h */,
			);
			name = Headers;
			sourceTree = "<group>";
		};
		29B97317FDCFA39411CA2CEA /* Resources */ = {
			isa = PBXGroup;
			children = (
				8CAC381D1BD2FFE300BBDB05 /* shaders */,
				450E15B07B6049D29E23AF2B /* CinderApp.icns */,
				005B21374FF24A3D80532FCC /* Info.plist */,
			);
			name = Resources;
			sourceTree = "<group>";
		};
		29B97323FDCFA39411CA2CEA /* Frameworks */ = {
			isa = PBXGroup;
			children = (
				8C4FBD2A1BCE10640030F8F9 /* CoreMIDI.framework */,
				1058C7A0FEA54F0111CA2CBB /* Linked Frameworks */,
				1058C7A2FEA54F0111CA2CBB /* Other Frameworks */,
			);
			name = Frameworks;
			sourceTree = "<group>";
		};
		8C4276441BD2019300422293 /* RtMidi */ = {
			isa = PBXGroup;
			children = (
				8C4FBD0D1BCE03A40030F8F9 /* RtMidi.h */,
				8C4FBD071BCE036D0030F8F9 /* RtMidi.cpp */,
			);
			name = RtMidi;
			sourceTree = "<group>";
		};
		8C4276451BD201B100422293 /* imgui */ = {
			isa = PBXGroup;
			children = (
				8C2CC7A21BD39108008EDAA0 /* imgui_impl_cinder_gl3.cpp */,
				8C2CC7A31BD39108008EDAA0 /* imgui_impl_cinder_gl3.h */,
				8C4276461BD2021100422293 /* imconfig.h */,
				8C4276471BD2021100422293 /* imgui_demo.cpp */,
				8C4276481BD2021100422293 /* imgui_draw.cpp */,
				8C4276491BD2021100422293 /* imgui_internal.h */,
				8C42764A1BD2021100422293 /* imgui.cpp */,
				8C42764B1BD2021100422293 /* imgui.h */,
				8C42764C1BD2021100422293 /* stb_rect_pack.h */,
				8C42764D1BD2021100422293 /* stb_textedit.h */,
				8C42764E1BD2021100422293 /* stb_truetype.h */,
			);
			name = imgui;
			sourceTree = "<group>";
		};
/* End PBXGroup section */

/* Begin PBXNativeTarget section */
		8D1107260486CEB800E47090 /* VirtualLpp */ = {
			isa = PBXNativeTarget;
			buildConfigurationList = C01FCF4A08A954540054247B /* Build configuration list for PBXNativeTarget "VirtualLpp" */;
			buildPhases = (
				8D1107290486CEB800E47090 /* Resources */,
				8D11072C0486CEB800E47090 /* Sources */,
				8D11072E0486CEB800E47090 /* Frameworks */,
			);
			buildRules = (
			);
			dependencies = (
			);
			name = VirtualLpp;
			productInstallPath = "$(HOME)/Applications";
			productName = VirtualLpp;
			productReference = 8D1107320486CEB800E47090 /* VirtualLpp.app */;
			productType = "com.apple.product-type.application";
		};
/* End PBXNativeTarget section */

/* Begin PBXProject section */
		29B97313FDCFA39411CA2CEA /* Project object */ = {
			isa = PBXProject;
			attributes = {
			};
			buildConfigurationList = C01FCF4E08A954540054247B /* Build configuration list for PBXProject "VirtualLpp" */;
			compatibilityVersion = "Xcode 3.2";
			developmentRegion = English;
			hasScannedForEncodings = 1;
			knownRegions = (
				English,
				Japanese,
				French,
				German,
			);
			mainGroup = 29B97314FDCFA39411CA2CEA /* VirtualLpp */;
			projectDirPath = "";
			projectRoot = "";
			targets = (
				8D1107260486CEB800E47090 /* VirtualLpp */,
			);
		};
/* End PBXProject section */

/* Begin PBXResourcesBuildPhase section */
		8D1107290486CEB800E47090 /* Resources */ = {
			isa = PBXResourcesBuildPhase;
			buildActionMask = 2147483647;
			files = (
				A3896E2F25B9485FBC4A26A3 /* CinderApp.icns in Resources */,
				8CAC381E1BD2FFE300BBDB05 /* shaders in Resources */,
			);
			runOnlyForDeploymentPostprocessing = 0;
		};
/* End PBXResourcesBuildPhase section */

/* Begin PBXSourcesBuildPhase section */
		8D11072C0486CEB800E47090 /* Sources */ = {
			isa = PBXSourcesBuildPhase;
			buildActionMask = 2147483647;
			files = (
				8C4FBD291BCE04560030F8F9 /* util.c in Sources */,
				BD92F027A4EE47F886B1F960 /* VirtualLppApp.cpp in Sources */,
				8C4FBD271BCE04560030F8F9 /* sequencer.c in Sources */,
				8C4FBD0A1BCE036D0030F8F9 /* RtMidi.cpp in Sources */,
				8C51F9B31BD5A3280032CE68 /* session.c in Sources */,
				8C51F9B21BD5A3280032CE68 /* sequence.c in Sources */,
				8C4FBD281BCE04560030F8F9 /* slider.c in Sources */,
				8CC751761BD0F08C005CD976 /* voices.c in Sources */,
				8C4FBD251BCE04560030F8F9 /* layout.c in Sources */,
				8C64BB3F1BCEEBD800E0D655 /* VirtualPad.cpp in Sources */,
				8C51F9B61BD5D7720032CE68 /* checkbox.c in Sources */,
				8C4FBD221BCE04560030F8F9 /* app.c in Sources */,
				8C4FBD241BCE04560030F8F9 /* keyboard.c in Sources */,
				8C51F9B11BD5A3280032CE68 /* grid.c in Sources */,
				8C4276501BD2021100422293 /* imgui_draw.cpp in Sources */,
				8C4FBD261BCE04560030F8F9 /* scale.c in Sources */,
				8C4FBD231BCE04560030F8F9 /* colors.c in Sources */,
				8C51F9B81BD6361F0032CE68 /* number.c in Sources */,
				8C2CC7A41BD39108008EDAA0 /* imgui_impl_cinder_gl3.cpp in Sources */,
				8C4FBD0C1BCE036D0030F8F9 /* VirtualLpp.cpp in Sources */,
				8C42764F1BD2021100422293 /* imgui_demo.cpp in Sources */,
				8C4FBD0B1BCE036D0030F8F9 /* VirtualHal.cpp in Sources */,
				8C4276511BD2021100422293 /* imgui.cpp in Sources */,
			);
			runOnlyForDeploymentPostprocessing = 0;
		};
/* End PBXSourcesBuildPhase section */

/* Begin XCBuildConfiguration section */
		C01FCF4B08A954540054247B /* Debug */ = {
			isa = XCBuildConfiguration;
			buildSettings = {
				COMBINE_HIDPI_IMAGES = YES;
				COPY_PHASE_STRIP = NO;
				DEAD_CODE_STRIPPING = YES;
				GCC_DYNAMIC_NO_PIC = NO;
				GCC_INLINES_ARE_PRIVATE_EXTERN = YES;
				GCC_OPTIMIZATION_LEVEL = 0;
				GCC_PRECOMPILE_PREFIX_HEADER = YES;
				GCC_PREFIX_HEADER = VirtualLpp_Prefix.pch;
				GCC_PREPROCESSOR_DEFINITIONS = (
					__MACOSX_CORE__,
					"DEBUG=1",
					VIRTUAL_LPP,
				);
				GCC_SYMBOLS_PRIVATE_EXTERN = NO;
				HEADER_SEARCH_PATHS = (
					"\"$(CINDER_PATH)/include\"",
					../blocks/Cairo/include/macosx,
					../imgui,
					../rtmidi,
				);
				INFOPLIST_FILE = Info.plist;
				INSTALL_PATH = "$(HOME)/Applications";
				OTHER_LDFLAGS = "\"$(CINDER_PATH)/lib/libcinder_d.a\"";
				PRODUCT_BUNDLE_IDENTIFIER = "org.libcinder.${PRODUCT_NAME:rfc1034identifier}";
				PRODUCT_NAME = VirtualLpp;
				SYMROOT = ./build;
				USER_HEADER_SEARCH_PATHS = "\"$(CINDER_PATH)/include\" ../include ../blocks/Cairo/include ../../../include";
				WRAPPER_EXTENSION = app;
			};
			name = Debug;
		};
		C01FCF4C08A954540054247B /* Release */ = {
			isa = XCBuildConfiguration;
			buildSettings = {
				COMBINE_HIDPI_IMAGES = YES;
				DEAD_CODE_STRIPPING = YES;
				DEBUG_INFORMATION_FORMAT = "dwarf-with-dsym";
				GCC_FAST_MATH = YES;
				GCC_GENERATE_DEBUGGING_SYMBOLS = NO;
				GCC_INLINES_ARE_PRIVATE_EXTERN = YES;
				GCC_OPTIMIZATION_LEVEL = 3;
				GCC_PRECOMPILE_PREFIX_HEADER = YES;
				GCC_PREFIX_HEADER = VirtualLpp_Prefix.pch;
				GCC_PREPROCESSOR_DEFINITIONS = (
					__MACOSX_CORE__,
					"NDEBUG=1",
					VIRTUAL_LPP,
				);
				GCC_SYMBOLS_PRIVATE_EXTERN = NO;
				HEADER_SEARCH_PATHS = (
					"\"$(CINDER_PATH)/include\"",
					../blocks/Cairo/include/macosx,
					../imgui,
					../rtmidi,
				);
				INFOPLIST_FILE = Info.plist;
				INSTALL_PATH = "$(HOME)/Applications";
				OTHER_LDFLAGS = "\"$(CINDER_PATH)/lib/libcinder.a\"";
				PRODUCT_BUNDLE_IDENTIFIER = "org.libcinder.${PRODUCT_NAME:rfc1034identifier}";
				PRODUCT_NAME = VirtualLpp;
				STRIP_INSTALLED_PRODUCT = YES;
				SYMROOT = ./build;
				USER_HEADER_SEARCH_PATHS = "\"$(CINDER_PATH)/include\" ../include ../blocks/Cairo/include ../../../include";
				WRAPPER_EXTENSION = app;
			};
			name = Release;
		};
		C01FCF4F08A954540054247B /* Debug */ = {
			isa = XCBuildConfiguration;
			buildSettings = {
				ALWAYS_SEARCH_USER_PATHS = NO;
				CINDER_PATH = ../../../../Cinder;
				CLANG_CXX_LANGUAGE_STANDARD = "c++11";
				CLANG_CXX_LIBRARY = "libc++";
				ENABLE_TESTABILITY = YES;
				GCC_WARN_ABOUT_RETURN_TYPE = YES;
				GCC_WARN_UNUSED_VARIABLE = YES;
				HEADER_SEARCH_PATHS = (
					"\"$(CINDER_PATH)/include\"",
					../blocks/Cairo/include/macosx,
				);
				MACOSX_DEPLOYMENT_TARGET = 10.8;
				ONLY_ACTIVE_ARCH = YES;
				SDKROOT = macosx;
				USER_HEADER_SEARCH_PATHS = "\"$(CINDER_PATH)/include\" ../include ../blocks/Cairo/include";
			};
			name = Debug;
		};
		C01FCF5008A954540054247B /* Release */ = {
			isa = XCBuildConfiguration;
			buildSettings = {
				ALWAYS_SEARCH_USER_PATHS = NO;
				CINDER_PATH = ../../../../Cinder;
				CLANG_CXX_LANGUAGE_STANDARD = "c++11";
				CLANG_CXX_LIBRARY = "libc++";
				GCC_WARN_ABOUT_RETURN_TYPE = YES;
				GCC_WARN_UNUSED_VARIABLE = YES;
				HEADER_SEARCH_PATHS = (
					"\"$(CINDER_PATH)/include\"",
					../blocks/Cairo/include/macosx,
				);
				MACOSX_DEPLOYMENT_TARGET = 10.8;
				SDKROOT = macosx;
				USER_HEADER_SEARCH_PATHS = "\"$(CINDER_PATH)/include\" ../include ../blocks/Cairo/include";
			};
			name = Release;
		};
/* End XCBuildConfiguration section */

/* Begin XCConfigurationList section */
		C01FCF4A08A954540054247B /* Build configuration list for PBXNativeTarget "VirtualLpp" */ = {
			isa = XCConfigurationList;
			buildConfigurations = (
				C01FCF4B08A954540054247B /* Debug */,
				C01FCF4C08A954540054247B /* Release */,
			);
			defaultConfigurationIsVisible = 0;
			defaultConfigurationName = Release;
		};
		C01FCF4E08A954540054247B /* Build configuration list for PBXProject "VirtualLpp" */ = {
			isa = XCConfigurationList;
			buildConfigurations = (
				C01FCF4F08A954540054247B /* Debug */,
				C01FCF5008A954540054247B /* Release */,
			);
			defaultConfigurationIsVisible = 0;
			defaultConfigurationName = Release;
		};
/* End XCConfigurationList section */
	};
	rootObject = 29B97313FDCFA39411CA2CEA /* Project object */;
}
